// !$*UTF8*$!
{
	archiveVersion = 1;
	classes = {
	};
	objectVersion = 55;
	objects = {

/* Begin PBXBuildFile section */
		6B76DA8628AEBD3D00EF0922 /* MVVM_SwiftUI_practiceApp.swift in Sources */ = {isa = PBXBuildFile; fileRef = 6B76DA8528AEBD3D00EF0922 /* MVVM_SwiftUI_practiceApp.swift */; };
		6B76DA8828AEBD3D00EF0922 /* ContentView.swift in Sources */ = {isa = PBXBuildFile; fileRef = 6B76DA8728AEBD3D00EF0922 /* ContentView.swift */; };
		6B76DA8A28AEBD4100EF0922 /* Assets.xcassets in Resources */ = {isa = PBXBuildFile; fileRef = 6B76DA8928AEBD4100EF0922 /* Assets.xcassets */; };
		6B76DA8D28AEBD4100EF0922 /* Preview Assets.xcassets in Resources */ = {isa = PBXBuildFile; fileRef = 6B76DA8C28AEBD4100EF0922 /* Preview Assets.xcassets */; };
		6B85DF7C28AF8EF4007948E6 /* WebServiceController.swift in Sources */ = {isa = PBXBuildFile; fileRef = 6B85DF7B28AF8EF4007948E6 /* WebServiceController.swift */; };
		6B85DF7E28AF9080007948E6 /* OpenWeatherMapController.swift in Sources */ = {isa = PBXBuildFile; fileRef = 6B85DF7D28AF9080007948E6 /* OpenWeatherMapController.swift */; };
		6B85DF8128AF979B007948E6 /* OpenWeatherMapData.swift in Sources */ = {isa = PBXBuildFile; fileRef = 6B85DF8028AF979B007948E6 /* OpenWeatherMapData.swift */; };
		6B85DF8428AF9A85007948E6 /* WeatherViewModel.swift in Sources */ = {isa = PBXBuildFile; fileRef = 6B85DF8328AF9A85007948E6 /* WeatherViewModel.swift */; };
		6B85DF8628AFC8D7007948E6 /* WeatherStackController.swift in Sources */ = {isa = PBXBuildFile; fileRef = 6B85DF8528AFC8D7007948E6 /* WeatherStackController.swift */; };
		6B85DF8828AFC913007948E6 /* WeatherStackData.swift in Sources */ = {isa = PBXBuildFile; fileRef = 6B85DF8728AFC913007948E6 /* WeatherStackData.swift */; };
/* End PBXBuildFile section */

/* Begin PBXFileReference section */
		6B76DA8228AEBD3D00EF0922 /* MVVM+SwiftUI practice.app */ = {isa = PBXFileReference; explicitFileType = wrapper.application; includeInIndex = 0; path = "MVVM+SwiftUI practice.app"; sourceTree = BUILT_PRODUCTS_DIR; };
		6B76DA8528AEBD3D00EF0922 /* MVVM_SwiftUI_practiceApp.swift */ = {isa = PBXFileReference; lastKnownFileType = sourcecode.swift; path = MVVM_SwiftUI_practiceApp.swift; sourceTree = "<group>"; };
		6B76DA8728AEBD3D00EF0922 /* ContentView.swift */ = {isa = PBXFileReference; lastKnownFileType = sourcecode.swift; path = ContentView.swift; sourceTree = "<group>"; };
		6B76DA8928AEBD4100EF0922 /* Assets.xcassets */ = {isa = PBXFileReference; lastKnownFileType = folder.assetcatalog; path = Assets.xcassets; sourceTree = "<group>"; };
		6B76DA8C28AEBD4100EF0922 /* Preview Assets.xcassets */ = {isa = PBXFileReference; lastKnownFileType = folder.assetcatalog; path = "Preview Assets.xcassets"; sourceTree = "<group>"; };
		6B85DF7B28AF8EF4007948E6 /* WebServiceController.swift */ = {isa = PBXFileReference; lastKnownFileType = sourcecode.swift; path = WebServiceController.swift; sourceTree = "<group>"; };
		6B85DF7D28AF9080007948E6 /* OpenWeatherMapController.swift */ = {isa = PBXFileReference; lastKnownFileType = sourcecode.swift; path = OpenWeatherMapController.swift; sourceTree = "<group>"; };
		6B85DF8028AF979B007948E6 /* OpenWeatherMapData.swift */ = {isa = PBXFileReference; lastKnownFileType = sourcecode.swift; path = OpenWeatherMapData.swift; sourceTree = "<group>"; };
		6B85DF8328AF9A85007948E6 /* WeatherViewModel.swift */ = {isa = PBXFileReference; lastKnownFileType = sourcecode.swift; path = WeatherViewModel.swift; sourceTree = "<group>"; };
		6B85DF8528AFC8D7007948E6 /* WeatherStackController.swift */ = {isa = PBXFileReference; lastKnownFileType = sourcecode.swift; path = WeatherStackController.swift; sourceTree = "<group>"; };
		6B85DF8728AFC913007948E6 /* WeatherStackData.swift */ = {isa = PBXFileReference; lastKnownFileType = sourcecode.swift; path = WeatherStackData.swift; sourceTree = "<group>"; };
		6B85DF8928AFCB56007948E6 /* MVVM-SwiftUI-practice-Info.plist */ = {isa = PBXFileReference; lastKnownFileType = text.plist; path = "MVVM-SwiftUI-practice-Info.plist"; sourceTree = SOURCE_ROOT; };
/* End PBXFileReference section */

/* Begin PBXFrameworksBuildPhase section */
		6B76DA7F28AEBD3D00EF0922 /* Frameworks */ = {
			isa = PBXFrameworksBuildPhase;
			buildActionMask = 2147483647;
			files = (
			);
			runOnlyForDeploymentPostprocessing = 0;
		};
/* End PBXFrameworksBuildPhase section */

/* Begin PBXGroup section */
		6B76DA7928AEBD3D00EF0922 = {
			isa = PBXGroup;
			children = (
				6B76DA8428AEBD3D00EF0922 /* MVVM+SwiftUI practice */,
				6B76DA8328AEBD3D00EF0922 /* Products */,
			);
			sourceTree = "<group>";
		};
		6B76DA8328AEBD3D00EF0922 /* Products */ = {
			isa = PBXGroup;
			children = (
				6B76DA8228AEBD3D00EF0922 /* MVVM+SwiftUI practice.app */,
			);
			name = Products;
			sourceTree = "<group>";
		};
		6B76DA8428AEBD3D00EF0922 /* MVVM+SwiftUI practice */ = {
			isa = PBXGroup;
			children = (
				6B85DF8928AFCB56007948E6 /* MVVM-SwiftUI-practice-Info.plist */,
				6B85DF8228AF9A54007948E6 /* ViewModel */,
				6B85DF7A28AF8EDF007948E6 /* Model */,
				6B76DA8528AEBD3D00EF0922 /* MVVM_SwiftUI_practiceApp.swift */,
				6B76DA8728AEBD3D00EF0922 /* ContentView.swift */,
				6B76DA8928AEBD4100EF0922 /* Assets.xcassets */,
				6B76DA8B28AEBD4100EF0922 /* Preview Content */,
			);
			path = "MVVM+SwiftUI practice";
			sourceTree = "<group>";
		};
		6B76DA8B28AEBD4100EF0922 /* Preview Content */ = {
			isa = PBXGroup;
			children = (
				6B76DA8C28AEBD4100EF0922 /* Preview Assets.xcassets */,
			);
			path = "Preview Content";
			sourceTree = "<group>";
		};
		6B85DF7A28AF8EDF007948E6 /* Model */ = {
			isa = PBXGroup;
			children = (
				6B85DF7F28AF9780007948E6 /* JSONMappers */,
				6B85DF7B28AF8EF4007948E6 /* WebServiceController.swift */,
				6B85DF7D28AF9080007948E6 /* OpenWeatherMapController.swift */,
				6B85DF8528AFC8D7007948E6 /* WeatherStackController.swift */,
			);
			path = Model;
			sourceTree = "<group>";
		};
		6B85DF7F28AF9780007948E6 /* JSONMappers */ = {
			isa = PBXGroup;
			children = (
				6B85DF8028AF979B007948E6 /* OpenWeatherMapData.swift */,
				6B85DF8728AFC913007948E6 /* WeatherStackData.swift */,
			);
			path = JSONMappers;
			sourceTree = "<group>";
		};
		6B85DF8228AF9A54007948E6 /* ViewModel */ = {
			isa = PBXGroup;
			children = (
				6B85DF8328AF9A85007948E6 /* WeatherViewModel.swift */,
			);
			path = ViewModel;
			sourceTree = "<group>";
		};
/* End PBXGroup section */

/* Begin PBXNativeTarget section */
		6B76DA8128AEBD3D00EF0922 /* MVVM+SwiftUI practice */ = {
			isa = PBXNativeTarget;
			buildConfigurationList = 6B76DA9028AEBD4100EF0922 /* Build configuration list for PBXNativeTarget "MVVM+SwiftUI practice" */;
			buildPhases = (
				6B76DA7E28AEBD3D00EF0922 /* Sources */,
				6B76DA7F28AEBD3D00EF0922 /* Frameworks */,
				6B76DA8028AEBD3D00EF0922 /* Resources */,
			);
			buildRules = (
			);
			dependencies = (
			);
			name = "MVVM+SwiftUI practice";
			productName = "MVVM+SwiftUI practice";
			productReference = 6B76DA8228AEBD3D00EF0922 /* MVVM+SwiftUI practice.app */;
			productType = "com.apple.product-type.application";
		};
/* End PBXNativeTarget section */

/* Begin PBXProject section */
		6B76DA7A28AEBD3D00EF0922 /* Project object */ = {
			isa = PBXProject;
			attributes = {
				BuildIndependentTargetsInParallel = 1;
				LastSwiftUpdateCheck = 1340;
				LastUpgradeCheck = 1340;
				TargetAttributes = {
					6B76DA8128AEBD3D00EF0922 = {
						CreatedOnToolsVersion = 13.4.1;
					};
				};
			};
			buildConfigurationList = 6B76DA7D28AEBD3D00EF0922 /* Build configuration list for PBXProject "MVVM+SwiftUI practice" */;
			compatibilityVersion = "Xcode 13.0";
			developmentRegion = en;
			hasScannedForEncodings = 0;
			knownRegions = (
				en,
				Base,
			);
			mainGroup = 6B76DA7928AEBD3D00EF0922;
			productRefGroup = 6B76DA8328AEBD3D00EF0922 /* Products */;
			projectDirPath = "";
			projectRoot = "";
			targets = (
				6B76DA8128AEBD3D00EF0922 /* MVVM+SwiftUI practice */,
			);
		};
/* End PBXProject section */

/* Begin PBXResourcesBuildPhase section */
		6B76DA8028AEBD3D00EF0922 /* Resources */ = {
			isa = PBXResourcesBuildPhase;
			buildActionMask = 2147483647;
			files = (
				6B76DA8D28AEBD4100EF0922 /* Preview Assets.xcassets in Resources */,
				6B76DA8A28AEBD4100EF0922 /* Assets.xcassets in Resources */,
			);
			runOnlyForDeploymentPostprocessing = 0;
		};
/* End PBXResourcesBuildPhase section */

/* Begin PBXSourcesBuildPhase section */
		6B76DA7E28AEBD3D00EF0922 /* Sources */ = {
			isa = PBXSourcesBuildPhase;
			buildActionMask = 2147483647;
			files = (
				6B85DF7C28AF8EF4007948E6 /* WebServiceController.swift in Sources */,
				6B85DF8828AFC913007948E6 /* WeatherStackData.swift in Sources */,
				6B85DF8428AF9A85007948E6 /* WeatherViewModel.swift in Sources */,
				6B85DF7E28AF9080007948E6 /* OpenWeatherMapController.swift in Sources */,
				6B76DA8828AEBD3D00EF0922 /* ContentView.swift in Sources */,
				6B76DA8628AEBD3D00EF0922 /* MVVM_SwiftUI_practiceApp.swift in Sources */,
				6B85DF8128AF979B007948E6 /* OpenWeatherMapData.swift in Sources */,
				6B85DF8628AFC8D7007948E6 /* WeatherStackController.swift in Sources */,
			);
			runOnlyForDeploymentPostprocessing = 0;
		};
/* End PBXSourcesBuildPhase section */

/* Begin XCBuildConfiguration section */
		6B76DA8E28AEBD4100EF0922 /* Debug */ = {
			isa = XCBuildConfiguration;
			buildSettings = {
				ALWAYS_SEARCH_USER_PATHS = NO;
				CLANG_ANALYZER_NONNULL = YES;
				CLANG_ANALYZER_NUMBER_OBJECT_CONVERSION = YES_AGGRESSIVE;
				CLANG_CXX_LANGUAGE_STANDARD = "gnu++17";
				CLANG_ENABLE_MODULES = YES;
				CLANG_ENABLE_OBJC_ARC = YES;
				CLANG_ENABLE_OBJC_WEAK = YES;
				CLANG_WARN_BLOCK_CAPTURE_AUTORELEASING = YES;
				CLANG_WARN_BOOL_CONVERSION = YES;
				CLANG_WARN_COMMA = YES;
				CLANG_WARN_CONSTANT_CONVERSION = YES;
				CLANG_WARN_DEPRECATED_OBJC_IMPLEMENTATIONS = YES;
				CLANG_WARN_DIRECT_OBJC_ISA_USAGE = YES_ERROR;
				CLANG_WARN_DOCUMENTATION_COMMENTS = YES;
				CLANG_WARN_EMPTY_BODY = YES;
				CLANG_WARN_ENUM_CONVERSION = YES;
				CLANG_WARN_INFINITE_RECURSION = YES;
				CLANG_WARN_INT_CONVERSION = YES;
				CLANG_WARN_NON_LITERAL_NULL_CONVERSION = YES;
				CLANG_WARN_OBJC_IMPLICIT_RETAIN_SELF = YES;
				CLANG_WARN_OBJC_LITERAL_CONVERSION = YES;
				CLANG_WARN_OBJC_ROOT_CLASS = YES_ERROR;
				CLANG_WARN_QUOTED_INCLUDE_IN_FRAMEWORK_HEADER = YES;
				CLANG_WARN_RANGE_LOOP_ANALYSIS = YES;
				CLANG_WARN_STRICT_PROTOTYPES = YES;
				CLANG_WARN_SUSPICIOUS_MOVE = YES;
				CLANG_WARN_UNGUARDED_AVAILABILITY = YES_AGGRESSIVE;
				CLANG_WARN_UNREACHABLE_CODE = YES;
				CLANG_WARN__DUPLICATE_METHOD_MATCH = YES;
				COPY_PHASE_STRIP = NO;
				DEBUG_INFORMATION_FORMAT = dwarf;
				ENABLE_STRICT_OBJC_MSGSEND = YES;
				ENABLE_TESTABILITY = YES;
				GCC_C_LANGUAGE_STANDARD = gnu11;
				GCC_DYNAMIC_NO_PIC = NO;
				GCC_NO_COMMON_BLOCKS = YES;
				GCC_OPTIMIZATION_LEVEL = 0;
				GCC_PREPROCESSOR_DEFINITIONS = (
					"DEBUG=1",
					"$(inherited)",
				);
				GCC_WARN_64_TO_32_BIT_CONVERSION = YES;
				GCC_WARN_ABOUT_RETURN_TYPE = YES_ERROR;
				GCC_WARN_UNDECLARED_SELECTOR = YES;
				GCC_WARN_UNINITIALIZED_AUTOS = YES_AGGRESSIVE;
				GCC_WARN_UNUSED_FUNCTION = YES;
				GCC_WARN_UNUSED_VARIABLE = YES;
				IPHONEOS_DEPLOYMENT_TARGET = 15.5;
				MTL_ENABLE_DEBUG_INFO = INCLUDE_SOURCE;
				MTL_FAST_MATH = YES;
				ONLY_ACTIVE_ARCH = YES;
				SDKROOT = iphoneos;
				SWIFT_ACTIVE_COMPILATION_CONDITIONS = DEBUG;
				SWIFT_OPTIMIZATION_LEVEL = "-Onone";
			};
			name = Debug;
		};
		6B76DA8F28AEBD4100EF0922 /* Release */ = {
			isa = XCBuildConfiguration;
			buildSettings = {
				ALWAYS_SEARCH_USER_PATHS = NO;
				CLANG_ANALYZER_NONNULL = YES;
				CLANG_ANALYZER_NUMBER_OBJECT_CONVERSION = YES_AGGRESSIVE;
				CLANG_CXX_LANGUAGE_STANDARD = "gnu++17";
				CLANG_ENABLE_MODULES = YES;
				CLANG_ENABLE_OBJC_ARC = YES;
				CLANG_ENABLE_OBJC_WEAK = YES;
				CLANG_WARN_BLOCK_CAPTURE_AUTORELEASING = YES;
				CLANG_WARN_BOOL_CONVERSION = YES;
				CLANG_WARN_COMMA = YES;
				CLANG_WARN_CONSTANT_CONVERSION = YES;
				CLANG_WARN_DEPRECATED_OBJC_IMPLEMENTATIONS = YES;
				CLANG_WARN_DIRECT_OBJC_ISA_USAGE = YES_ERROR;
				CLANG_WARN_DOCUMENTATION_COMMENTS = YES;
				CLANG_WARN_EMPTY_BODY = YES;
				CLANG_WARN_ENUM_CONVERSION = YES;
				CLANG_WARN_INFINITE_RECURSION = YES;
				CLANG_WARN_INT_CONVERSION = YES;
				CLANG_WARN_NON_LITERAL_NULL_CONVERSION = YES;
				CLANG_WARN_OBJC_IMPLICIT_RETAIN_SELF = YES;
				CLANG_WARN_OBJC_LITERAL_CONVERSION = YES;
				CLANG_WARN_OBJC_ROOT_CLASS = YES_ERROR;
				CLANG_WARN_QUOTED_INCLUDE_IN_FRAMEWORK_HEADER = YES;
				CLANG_WARN_RANGE_LOOP_ANALYSIS = YES;
				CLANG_WARN_STRICT_PROTOTYPES = YES;
				CLANG_WARN_SUSPICIOUS_MOVE = YES;
				CLANG_WARN_UNGUARDED_AVAILABILITY = YES_AGGRESSIVE;
				CLANG_WARN_UNREACHABLE_CODE = YES;
				CLANG_WARN__DUPLICATE_METHOD_MATCH = YES;
				COPY_PHASE_STRIP = NO;
				DEBUG_INFORMATION_FORMAT = "dwarf-with-dsym";
				ENABLE_NS_ASSERTIONS = NO;
				ENABLE_STRICT_OBJC_MSGSEND = YES;
				GCC_C_LANGUAGE_STANDARD = gnu11;
				GCC_NO_COMMON_BLOCKS = YES;
				GCC_WARN_64_TO_32_BIT_CONVERSION = YES;
				GCC_WARN_ABOUT_RETURN_TYPE = YES_ERROR;
				GCC_WARN_UNDECLARED_SELECTOR = YES;
				GCC_WARN_UNINITIALIZED_AUTOS = YES_AGGRESSIVE;
				GCC_WARN_UNUSED_FUNCTION = YES;
				GCC_WARN_UNUSED_VARIABLE = YES;
				IPHONEOS_DEPLOYMENT_TARGET = 15.5;
				MTL_ENABLE_DEBUG_INFO = NO;
				MTL_FAST_MATH = YES;
				SDKROOT = iphoneos;
				SWIFT_COMPILATION_MODE = wholemodule;
				SWIFT_OPTIMIZATION_LEVEL = "-O";
				VALIDATE_PRODUCT = YES;
			};
			name = Release;
		};
		6B76DA9128AEBD4100EF0922 /* Debug */ = {
			isa = XCBuildConfiguration;
			buildSettings = {
				ASSETCATALOG_COMPILER_APPICON_NAME = AppIcon;
				ASSETCATALOG_COMPILER_GLOBAL_ACCENT_COLOR_NAME = AccentColor;
				CODE_SIGN_STYLE = Automatic;
				CURRENT_PROJECT_VERSION = 1;
				DEVELOPMENT_ASSET_PATHS = "\"MVVM+SwiftUI practice/Preview Content\"";
				DEVELOPMENT_TEAM = B5C67X65GA;
				ENABLE_PREVIEWS = YES;
				GENERATE_INFOPLIST_FILE = YES;
				INFOPLIST_FILE = "MVVM-SwiftUI-practice-Info.plist";
				INFOPLIST_KEY_UIApplicationSceneManifest_Generation = YES;
				INFOPLIST_KEY_UIApplicationSupportsIndirectInputEvents = YES;
				INFOPLIST_KEY_UILaunchScreen_Generation = YES;
				INFOPLIST_KEY_UISupportedInterfaceOrientations_iPad = "UIInterfaceOrientationPortrait UIInterfaceOrientationPortraitUpsideDown UIInterfaceOrientationLandscapeLeft UIInterfaceOrientationLandscapeRight";
				INFOPLIST_KEY_UISupportedInterfaceOrientations_iPhone = "UIInterfaceOrientationPortrait UIInterfaceOrientationLandscapeLeft UIInterfaceOrientationLandscapeRight";
				LD_RUNPATH_SEARCH_PATHS = (
					"$(inherited)",
					"@executable_path/Frameworks",
				);
				MARKETING_VERSION = 1.0;
				PRODUCT_BUNDLE_IDENTIFIER = "com.mxmaria.MVVM-SwiftUI-practice";
				PRODUCT_NAME = "$(TARGET_NAME)";
				SWIFT_EMIT_LOC_STRINGS = YES;
				SWIFT_VERSION = 5.0;
				TARGETED_DEVICE_FAMILY = "1,2";
			};
			name = Debug;
		};
		6B76DA9228AEBD4100EF0922 /* Release */ = {
			isa = XCBuildConfiguration;
			buildSettings = {
				ASSETCATALOG_COMPILER_APPICON_NAME = AppIcon;
				ASSETCATALOG_COMPILER_GLOBAL_ACCENT_COLOR_NAME = AccentColor;
				CODE_SIGN_STYLE = Automatic;
				CURRENT_PROJECT_VERSION = 1;
				DEVELOPMENT_ASSET_PATHS = "\"MVVM+SwiftUI practice/Preview Content\"";
				DEVELOPMENT_TEAM = B5C67X65GA;
				ENABLE_PREVIEWS = YES;
				GENERATE_INFOPLIST_FILE = YES;
				INFOPLIST_FILE = "MVVM-SwiftUI-practice-Info.plist";
				INFOPLIST_KEY_UIApplicationSceneManifest_Generation = YES;
				INFOPLIST_KEY_UIApplicationSupportsIndirectInputEvents = YES;
				INFOPLIST_KEY_UILaunchScreen_Generation = YES;
				INFOPLIST_KEY_UISupportedInterfaceOrientations_iPad = "UIInterfaceOrientationPortrait UIInterfaceOrientationPortraitUpsideDown UIInterfaceOrientationLandscapeLeft UIInterfaceOrientationLandscapeRight";
				INFOPLIST_KEY_UISupportedInterfaceOrientations_iPhone = "UIInterfaceOrientationPortrait UIInterfaceOrientationLandscapeLeft UIInterfaceOrientationLandscapeRight";
				LD_RUNPATH_SEARCH_PATHS = (
					"$(inherited)",
					"@executable_path/Frameworks",
				);
				MARKETING_VERSION = 1.0;
				PRODUCT_BUNDLE_IDENTIFIER = "com.mxmaria.MVVM-SwiftUI-practice";
				PRODUCT_NAME = "$(TARGET_NAME)";
				SWIFT_EMIT_LOC_STRINGS = YES;
				SWIFT_VERSION = 5.0;
				TARGETED_DEVICE_FAMILY = "1,2";
			};
			name = Release;
		};
/* End XCBuildConfiguration section */

/* Begin XCConfigurationList section */
		6B76DA7D28AEBD3D00EF0922 /* Build configuration list for PBXProject "MVVM+SwiftUI practice" */ = {
			isa = XCConfigurationList;
			buildConfigurations = (
				6B76DA8E28AEBD4100EF0922 /* Debug */,
				6B76DA8F28AEBD4100EF0922 /* Release */,
			);
			defaultConfigurationIsVisible = 0;
			defaultConfigurationName = Release;
		};
		6B76DA9028AEBD4100EF0922 /* Build configuration list for PBXNativeTarget "MVVM+SwiftUI practice" */ = {
			isa = XCConfigurationList;
			buildConfigurations = (
				6B76DA9128AEBD4100EF0922 /* Debug */,
				6B76DA9228AEBD4100EF0922 /* Release */,
			);
			defaultConfigurationIsVisible = 0;
			defaultConfigurationName = Release;
		};
/* End XCConfigurationList section */
	};
	rootObject = 6B76DA7A28AEBD3D00EF0922 /* Project object */;
}
